
Microsoft Visual Studio Solution File, Format Version 12.00
# Visual Studio Version 17
VisualStudioVersion = 17.11.35312.102
MinimumVisualStudioVersion = 10.0.40219.1
Project("{C9674DCB-5085-4A16-B785-4C70DD1589BD}") = "Do An SSIS", "Do An SSIS.dtproj", "{132058AC-B08F-457B-A7E7-FA7CBB311525}"
EndProject
Global
	GlobalSection(SolutionConfigurationPlatforms) = preSolution
		Development|Default = Development|Default
	EndGlobalSection
	GlobalSection(ProjectConfigurationPlatforms) = postSolution
		{132058AC-B08F-457B-A7E7-FA7CBB311525}.Development|Default.ActiveCfg = Development
		{132058AC-B08F-457B-A7E7-FA7CBB311525}.Development|Default.Build.0 = Development
	EndGlobalSection
	GlobalSection(SolutionProperties) = preSolution
		HideSolutionNode = FALSE
	EndGlobalSection
	GlobalSection(ExtensibilityGlobals) = postSolution
		SolutionGuid = {BA3FAC84-2924-463F-8B89-8FCDF3F39691}
	EndGlobalSection
EndGlobal
